
Microsoft Visual Studio Solution File, Format Version 12.00
# Visual Studio Version 17
VisualStudioVersion = 17.10.35122.118
MinimumVisualStudioVersion = 10.0.40219.1
Project("{FAE04EC0-301F-11D3-BF4B-00C04F79EFBC}") = "M1KC", "M1KC.csproj", "{11878BA7-3581-44B2-A975-9139ECE8FB7B}"
EndProject
Global
	GlobalSection(SolutionConfigurationPlatforms) = preSolution
		Debug|Any CPU = Debug|Any CPU
		Release|Any CPU = Release|Any CPU
	EndGlobalSection
	GlobalSection(ProjectConfigurationPlatforms) = postSolution
		{11878BA7-3581-44B2-A975-9139ECE8FB7B}.Debug|Any CPU.ActiveCfg = Debug|Any CPU
		{11878BA7-3581-44B2-A975-9139ECE8FB7B}.Debug|Any CPU.Build.0 = Debug|Any CPU
		{11878BA7-3581-44B2-A975-9139ECE8FB7B}.Release|Any CPU.ActiveCfg = Release|Any CPU
		{11878BA7-3581-44B2-A975-9139ECE8FB7B}.Release|Any CPU.Build.0 = Release|Any CPU
	EndGlobalSection
	GlobalSection(SolutionProperties) = preSolution
		HideSolutionNode = FALSE
	EndGlobalSection
	GlobalSection(ExtensibilityGlobals) = postSolution
		SolutionGuid = {54BF70A2-1C2E-4E08-BBE6-584695ADD4AB}
	EndGlobalSection
EndGlobal
